
Microsoft Visual Studio Solution File, Format Version 12.00
# Visual Studio 14
VisualStudioVersion = 14.0.23107.0
MinimumVisualStudioVersion = 10.0.40219.1
Project("{159641D6-6404-4A2A-AE62-294DE0FE8301}") = "GetOdataWithOauth", "GetOdataWithOauth\GetOdataWithOauth.dtproj", "{C4FDB143-4584-47A9-8C5A-56BD95697D9B}"
EndProject
Global
	GlobalSection(SolutionConfigurationPlatforms) = preSolution
		Development|Default = Development|Default
	EndGlobalSection
	GlobalSection(ProjectConfigurationPlatforms) = postSolution
		{C4FDB143-4584-47A9-8C5A-56BD95697D9B}.Development|Default.ActiveCfg = Development
		{C4FDB143-4584-47A9-8C5A-56BD95697D9B}.Development|Default.Build.0 = Development
	EndGlobalSection
	GlobalSection(SolutionProperties) = preSolution
		HideSolutionNode = FALSE
	EndGlobalSection
EndGlobal
